{
  "version": 4,
  "terraform_version": "0.12.20",
  "serial": 3,
  "lineage": "7e351e59-5d4e-d6bc-a4e2-0cb13a0eef18",
  "outputs": {},
  "resources": [
    {
      "module": "module.ecr_rpo",
      "mode": "managed",
      "type": "aws_ecr_lifecycle_policy",
      "name": "repo-policy",
      "provider": "provider.aws",
      "instances": [
        {
          "schema_version": 0,
          "attributes": {
            "id": "arghul-prod-api1",
            "policy": "{\"rules\":[{\"rulePriority\":1,\"description\":\"Keep last 2 any images\",\"selection\":{\"tagStatus\":\"any\",\"countType\":\"imageCountMoreThan\",\"countNumber\":2},\"action\":{\"type\":\"expire\"}}]}",
            "registry_id": "076594877490",
            "repository": "arghul-prod-api1"
          },
          "private": "bnVsbA==",
          "dependencies": [
            "module.ecr_rpo.aws_ecr_repository.repo"
          ]
        }
      ]
    },
    {
      "module": "module.ecr_rpo",
      "mode": "managed",
      "type": "aws_ecr_repository",
      "name": "repo",
      "provider": "provider.aws",
      "instances": [
        {
          "schema_version": 0,
          "attributes": {
            "arn": "arn:aws:ecr:eu-west-1:076594877490:repository/arghul-prod-api1",
            "id": "arghul-prod-api1",
            "image_scanning_configuration": [
              {
                "scan_on_push": false
              }
            ],
            "image_tag_mutability": "MUTABLE",
            "name": "arghul-prod-api1",
            "registry_id": "076594877490",
            "repository_url": "076594877490.dkr.ecr.eu-west-1.amazonaws.com/arghul-prod-api1",
            "tags": {
              "Environment": "prod",
              "Name": "arghul-prod-api1",
              "Namespace": "arghul"
            },
            "timeouts": null
          },
          "private": "eyJlMmJmYjczMC1lY2FhLTExZTYtOGY4OC0zNDM2M2JjN2M0YzAiOnsiZGVsZXRlIjoxMjAwMDAwMDAwMDAwfX0="
        }
      ]
    }
  ]
}
